
Microsoft Visual Studio Solution File, Format Version 12.00
# Visual Studio Version 17
VisualStudioVersion = 17.2.32616.157
MinimumVisualStudioVersion = 10.0.40219.1
Project("{9A19103F-16F7-4668-BE54-9A1E7A4F7556}") = "MP.ApiDotNet6.Infra.Data", "MP.ApiDotNet6.Infra.Data\MP.ApiDotNet6.Infra.Data.csproj", "{505E3AED-DAE0-4EF8-A845-0FFFE52CD66E}"
EndProject
Project("{9A19103F-16F7-4668-BE54-9A1E7A4F7556}") = "MP.ApiDotNet6.Application", "MP.ApiDotNet6.Application\MP.ApiDotNet6.Application.csproj", "{34BEB3FA-FE90-400E-BC00-C50B63E5893A}"
EndProject
Project("{FAE04EC0-301F-11D3-BF4B-00C04F79EFBC}") = "MP.ApiDotNet6.Domain", "MP.ApiDotNet6.Domain\MP.ApiDotNet6.Domain.csproj", "{F6252320-D7A8-4DA9-9AD7-4F9AAB09E8BC}"
EndProject
Project("{FAE04EC0-301F-11D3-BF4B-00C04F79EFBC}") = "MP.ApiDotNet6.Infra.IoC", "MP.ApiDotNet6.Infra.Ioc\MP.ApiDotNet6.Infra.IoC.csproj", "{BC14BBCD-40D7-493D-AF2F-C233997AEDE4}"
EndProject
Project("{FAE04EC0-301F-11D3-BF4B-00C04F79EFBC}") = "MP.ApiDotNet6.Api", "MP.ApiDotNet6.Api\MP.ApiDotNet6.Api.csproj", "{6957D7E7-4757-46D9-87B7-621EACD181E8}"
EndProject
Global
	GlobalSection(SolutionConfigurationPlatforms) = preSolution
		Debug|Any CPU = Debug|Any CPU
		Release|Any CPU = Release|Any CPU
	EndGlobalSection
	GlobalSection(ProjectConfigurationPlatforms) = postSolution
		{505E3AED-DAE0-4EF8-A845-0FFFE52CD66E}.Debug|Any CPU.ActiveCfg = Debug|Any CPU
		{505E3AED-DAE0-4EF8-A845-0FFFE52CD66E}.Debug|Any CPU.Build.0 = Debug|Any CPU
		{505E3AED-DAE0-4EF8-A845-0FFFE52CD66E}.Release|Any CPU.ActiveCfg = Release|Any CPU
		{505E3AED-DAE0-4EF8-A845-0FFFE52CD66E}.Release|Any CPU.Build.0 = Release|Any CPU
		{34BEB3FA-FE90-400E-BC00-C50B63E5893A}.Debug|Any CPU.ActiveCfg = Debug|Any CPU
		{34BEB3FA-FE90-400E-BC00-C50B63E5893A}.Debug|Any CPU.Build.0 = Debug|Any CPU
		{34BEB3FA-FE90-400E-BC00-C50B63E5893A}.Release|Any CPU.ActiveCfg = Release|Any CPU
		{34BEB3FA-FE90-400E-BC00-C50B63E5893A}.Release|Any CPU.Build.0 = Release|Any CPU
		{F6252320-D7A8-4DA9-9AD7-4F9AAB09E8BC}.Debug|Any CPU.ActiveCfg = Debug|Any CPU
		{F6252320-D7A8-4DA9-9AD7-4F9AAB09E8BC}.Debug|Any CPU.Build.0 = Debug|Any CPU
		{F6252320-D7A8-4DA9-9AD7-4F9AAB09E8BC}.Release|Any CPU.ActiveCfg = Release|Any CPU
		{F6252320-D7A8-4DA9-9AD7-4F9AAB09E8BC}.Release|Any CPU.Build.0 = Release|Any CPU
		{BC14BBCD-40D7-493D-AF2F-C233997AEDE4}.Debug|Any CPU.ActiveCfg = Debug|Any CPU
		{BC14BBCD-40D7-493D-AF2F-C233997AEDE4}.Debug|Any CPU.Build.0 = Debug|Any CPU
		{BC14BBCD-40D7-493D-AF2F-C233997AEDE4}.Release|Any CPU.ActiveCfg = Release|Any CPU
		{BC14BBCD-40D7-493D-AF2F-C233997AEDE4}.Release|Any CPU.Build.0 = Release|Any CPU
		{6957D7E7-4757-46D9-87B7-621EACD181E8}.Debug|Any CPU.ActiveCfg = Debug|Any CPU
		{6957D7E7-4757-46D9-87B7-621EACD181E8}.Debug|Any CPU.Build.0 = Debug|Any CPU
		{6957D7E7-4757-46D9-87B7-621EACD181E8}.Release|Any CPU.ActiveCfg = Release|Any CPU
		{6957D7E7-4757-46D9-87B7-621EACD181E8}.Release|Any CPU.Build.0 = Release|Any CPU
	EndGlobalSection
	GlobalSection(SolutionProperties) = preSolution
		HideSolutionNode = FALSE
	EndGlobalSection
	GlobalSection(ExtensibilityGlobals) = postSolution
		SolutionGuid = {06E49E7B-466E-46DC-B4AC-C5A12C377F9B}
	EndGlobalSection
EndGlobal
